// !$*UTF8*$!
{
	archiveVersion = 1;
	classes = {
	};
	objectVersion = 46;
	objects = {

/* Begin PBXBuildFile section */
		B5C7517C1E5BB96C0036FD51 /* AppDelegate.swift in Sources */ = {isa = PBXBuildFile; fileRef = B5C7517B1E5BB96C0036FD51 /* AppDelegate.swift */; };
		B5C7517E1E5BB96C0036FD51 /* ViewController.swift in Sources */ = {isa = PBXBuildFile; fileRef = B5C7517D1E5BB96C0036FD51 /* ViewController.swift */; };
		B5C751811E5BB96C0036FD51 /* Main.storyboard in Resources */ = {isa = PBXBuildFile; fileRef = B5C7517F1E5BB96C0036FD51 /* Main.storyboard */; };
		B5C751841E5BB96C0036FD51 /* Sound_Board.xcdatamodeld in Sources */ = {isa = PBXBuildFile; fileRef = B5C751821E5BB96C0036FD51 /* Sound_Board.xcdatamodeld */; };
		B5C751861E5BB96C0036FD51 /* Assets.xcassets in Resources */ = {isa = PBXBuildFile; fileRef = B5C751851E5BB96C0036FD51 /* Assets.xcassets */; };
		B5C751891E5BB96C0036FD51 /* LaunchScreen.storyboard in Resources */ = {isa = PBXBuildFile; fileRef = B5C751871E5BB96C0036FD51 /* LaunchScreen.storyboard */; };
/* End PBXBuildFile section */

/* Begin PBXFileReference section */
		B5C751781E5BB96C0036FD51 /* Sound Board.app */ = {isa = PBXFileReference; explicitFileType = wrapper.application; includeInIndex = 0; path = "Sound Board.app"; sourceTree = BUILT_PRODUCTS_DIR; };
		B5C7517B1E5BB96C0036FD51 /* AppDelegate.swift */ = {isa = PBXFileReference; lastKnownFileType = sourcecode.swift; path = AppDelegate.swift; sourceTree = "<group>"; };
		B5C7517D1E5BB96C0036FD51 /* ViewController.swift */ = {isa = PBXFileReference; lastKnownFileType = sourcecode.swift; path = ViewController.swift; sourceTree = "<group>"; };
		B5C751801E5BB96C0036FD51 /* Base */ = {isa = PBXFileReference; lastKnownFileType = file.storyboard; name = Base; path = Base.lproj/Main.storyboard; sourceTree = "<group>"; };
		B5C751831E5BB96C0036FD51 /* Sound_Board.xcdatamodel */ = {isa = PBXFileReference; lastKnownFileType = wrapper.xcdatamodel; path = Sound_Board.xcdatamodel; sourceTree = "<group>"; };
		B5C751851E5BB96C0036FD51 /* Assets.xcassets */ = {isa = PBXFileReference; lastKnownFileType = folder.assetcatalog; path = Assets.xcassets; sourceTree = "<group>"; };
		B5C751881E5BB96C0036FD51 /* Base */ = {isa = PBXFileReference; lastKnownFileType = file.storyboard; name = Base; path = Base.lproj/LaunchScreen.storyboard; sourceTree = "<group>"; };
		B5C7518A1E5BB96C0036FD51 /* Info.plist */ = {isa = PBXFileReference; lastKnownFileType = text.plist.xml; path = Info.plist; sourceTree = "<group>"; };
/* End PBXFileReference section */

/* Begin PBXFrameworksBuildPhase section */
		B5C751751E5BB96C0036FD51 /* Frameworks */ = {
			isa = PBXFrameworksBuildPhase;
			buildActionMask = 2147483647;
			files = (
			);
			runOnlyForDeploymentPostprocessing = 0;
		};
/* End PBXFrameworksBuildPhase section */

/* Begin PBXGroup section */
		B5C7516F1E5BB96B0036FD51 = {
			isa = PBXGroup;
			children = (
				B5C7517A1E5BB96C0036FD51 /* Sound Board */,
				B5C751791E5BB96C0036FD51 /* Products */,
			);
			sourceTree = "<group>";
		};
		B5C751791E5BB96C0036FD51 /* Products */ = {
			isa = PBXGroup;
			children = (
				B5C751781E5BB96C0036FD51 /* Sound Board.app */,
			);
			name = Products;
			sourceTree = "<group>";
		};
		B5C7517A1E5BB96C0036FD51 /* Sound Board */ = {
			isa = PBXGroup;
			children = (
				B5C7517B1E5BB96C0036FD51 /* AppDelegate.swift */,
				B5C7517D1E5BB96C0036FD51 /* ViewController.swift */,
				B5C7517F1E5BB96C0036FD51 /* Main.storyboard */,
				B5C751851E5BB96C0036FD51 /* Assets.xcassets */,
				B5C751871E5BB96C0036FD51 /* LaunchScreen.storyboard */,
				B5C7518A1E5BB96C0036FD51 /* Info.plist */,
				B5C751821E5BB96C0036FD51 /* Sound_Board.xcdatamodeld */,
			);
			path = "Sound Board";
			sourceTree = "<group>";
		};
/* End PBXGroup section */

/* Begin PBXNativeTarget section */
		B5C751771E5BB96C0036FD51 /* Sound Board */ = {
			isa = PBXNativeTarget;
			buildConfigurationList = B5C7518D1E5BB96C0036FD51 /* Build configuration list for PBXNativeTarget "Sound Board" */;
			buildPhases = (
				B5C751741E5BB96C0036FD51 /* Sources */,
				B5C751751E5BB96C0036FD51 /* Frameworks */,
				B5C751761E5BB96C0036FD51 /* Resources */,
			);
			buildRules = (
			);
			dependencies = (
			);
			name = "Sound Board";
			productName = "Sound Board";
			productReference = B5C751781E5BB96C0036FD51 /* Sound Board.app */;
			productType = "com.apple.product-type.application";
		};
/* End PBXNativeTarget section */

/* Begin PBXProject section */
		B5C751701E5BB96C0036FD51 /* Project object */ = {
			isa = PBXProject;
			attributes = {
				LastSwiftUpdateCheck = 0820;
				LastUpgradeCheck = 0820;
				ORGANIZATIONNAME = Angelzzz23;
				TargetAttributes = {
					B5C751771E5BB96C0036FD51 = {
						CreatedOnToolsVersion = 8.2.1;
						ProvisioningStyle = Automatic;
					};
				};
			};
			buildConfigurationList = B5C751731E5BB96C0036FD51 /* Build configuration list for PBXProject "Sound Board" */;
			compatibilityVersion = "Xcode 3.2";
			developmentRegion = English;
			hasScannedForEncodings = 0;
			knownRegions = (
				en,
				Base,
			);
			mainGroup = B5C7516F1E5BB96B0036FD51;
			productRefGroup = B5C751791E5BB96C0036FD51 /* Products */;
			projectDirPath = "";
			projectRoot = "";
			targets = (
				B5C751771E5BB96C0036FD51 /* Sound Board */,
			);
		};
/* End PBXProject section */

/* Begin PBXResourcesBuildPhase section */
		B5C751761E5BB96C0036FD51 /* Resources */ = {
			isa = PBXResourcesBuildPhase;
			buildActionMask = 2147483647;
			files = (
				B5C751891E5BB96C0036FD51 /* LaunchScreen.storyboard in Resources */,
				B5C751861E5BB96C0036FD51 /* Assets.xcassets in Resources */,
				B5C751811E5BB96C0036FD51 /* Main.storyboard in Resources */,
			);
			runOnlyForDeploymentPostprocessing = 0;
		};
/* End PBXResourcesBuildPhase section */

/* Begin PBXSourcesBuildPhase section */
		B5C751741E5BB96C0036FD51 /* Sources */ = {
			isa = PBXSourcesBuildPhase;
			buildActionMask = 2147483647;
			files = (
				B5C751841E5BB96C0036FD51 /* Sound_Board.xcdatamodeld in Sources */,
				B5C7517E1E5BB96C0036FD51 /* ViewController.swift in Sources */,
				B5C7517C1E5BB96C0036FD51 /* AppDelegate.swift in Sources */,
			);
			runOnlyForDeploymentPostprocessing = 0;
		};
/* End PBXSourcesBuildPhase section */

/* Begin PBXVariantGroup section */
		B5C7517F1E5BB96C0036FD51 /* Main.storyboard */ = {
			isa = PBXVariantGroup;
			children = (
				B5C751801E5BB96C0036FD51 /* Base */,
			);
			name = Main.storyboard;
			sourceTree = "<group>";
		};
		B5C751871E5BB96C0036FD51 /* LaunchScreen.storyboard */ = {
			isa = PBXVariantGroup;
			children = (
				B5C751881E5BB96C0036FD51 /* Base */,
			);
			name = LaunchScreen.storyboard;
			sourceTree = "<group>";
		};
/* End PBXVariantGroup section */

/* Begin XCBuildConfiguration section */
		B5C7518B1E5BB96C0036FD51 /* Debug */ = {
			isa = XCBuildConfiguration;
			buildSettings = {
				ALWAYS_SEARCH_USER_PATHS = NO;
				CLANG_ANALYZER_NONNULL = YES;
				CLANG_CXX_LANGUAGE_STANDARD = "gnu++0x";
				CLANG_CXX_LIBRARY = "libc++";
				CLANG_ENABLE_MODULES = YES;
				CLANG_ENABLE_OBJC_ARC = YES;
				CLANG_WARN_BOOL_CONVERSION = YES;
				CLANG_WARN_CONSTANT_CONVERSION = YES;
				CLANG_WARN_DIRECT_OBJC_ISA_USAGE = YES_ERROR;
				CLANG_WARN_DOCUMENTATION_COMMENTS = YES;
				CLANG_WARN_EMPTY_BODY = YES;
				CLANG_WARN_ENUM_CONVERSION = YES;
				CLANG_WARN_INFINITE_RECURSION = YES;
				CLANG_WARN_INT_CONVERSION = YES;
				CLANG_WARN_OBJC_ROOT_CLASS = YES_ERROR;
				CLANG_WARN_SUSPICIOUS_MOVE = YES;
				CLANG_WARN_UNREACHABLE_CODE = YES;
				CLANG_WARN__DUPLICATE_METHOD_MATCH = YES;
				"CODE_SIGN_IDENTITY[sdk=iphoneos*]" = "iPhone Developer";
				COPY_PHASE_STRIP = NO;
				DEBUG_INFORMATION_FORMAT = dwarf;
				ENABLE_STRICT_OBJC_MSGSEND = YES;
				ENABLE_TESTABILITY = YES;
				GCC_C_LANGUAGE_STANDARD = gnu99;
				GCC_DYNAMIC_NO_PIC = NO;
				GCC_NO_COMMON_BLOCKS = YES;
				GCC_OPTIMIZATION_LEVEL = 0;
				GCC_PREPROCESSOR_DEFINITIONS = (
					"DEBUG=1",
					"$(inherited)",
				);
				GCC_WARN_64_TO_32_BIT_CONVERSION = YES;
				GCC_WARN_ABOUT_RETURN_TYPE = YES_ERROR;
				GCC_WARN_UNDECLARED_SELECTOR = YES;
				GCC_WARN_UNINITIALIZED_AUTOS = YES_AGGRESSIVE;
				GCC_WARN_UNUSED_FUNCTION = YES;
				GCC_WARN_UNUSED_VARIABLE = YES;
				IPHONEOS_DEPLOYMENT_TARGET = 10.2;
				MTL_ENABLE_DEBUG_INFO = YES;
				ONLY_ACTIVE_ARCH = YES;
				SDKROOT = iphoneos;
				SWIFT_ACTIVE_COMPILATION_CONDITIONS = DEBUG;
				SWIFT_OPTIMIZATION_LEVEL = "-Onone";
				TARGETED_DEVICE_FAMILY = "1,2";
			};
			name = Debug;
		};
		B5C7518C1E5BB96C0036FD51 /* Release */ = {
			isa = XCBuildConfiguration;
			buildSettings = {
				ALWAYS_SEARCH_USER_PATHS = NO;
				CLANG_ANALYZER_NONNULL = YES;
				CLANG_CXX_LANGUAGE_STANDARD = "gnu++0x";
				CLANG_CXX_LIBRARY = "libc++";
				CLANG_ENABLE_MODULES = YES;
				CLANG_ENABLE_OBJC_ARC = YES;
				CLANG_WARN_BOOL_CONVERSION = YES;
				CLANG_WARN_CONSTANT_CONVERSION = YES;
				CLANG_WARN_DIRECT_OBJC_ISA_USAGE = YES_ERROR;
				CLANG_WARN_DOCUMENTATION_COMMENTS = YES;
				CLANG_WARN_EMPTY_BODY = YES;
				CLANG_WARN_ENUM_CONVERSION = YES;
				CLANG_WARN_INFINITE_RECURSION = YES;
				CLANG_WARN_INT_CONVERSION = YES;
				CLANG_WARN_OBJC_ROOT_CLASS = YES_ERROR;
				CLANG_WARN_SUSPICIOUS_MOVE = YES;
				CLANG_WARN_UNREACHABLE_CODE = YES;
				CLANG_WARN__DUPLICATE_METHOD_MATCH = YES;
				"CODE_SIGN_IDENTITY[sdk=iphoneos*]" = "iPhone Developer";
				COPY_PHASE_STRIP = NO;
				DEBUG_INFORMATION_FORMAT = "dwarf-with-dsym";
				ENABLE_NS_ASSERTIONS = NO;
				ENABLE_STRICT_OBJC_MSGSEND = YES;
				GCC_C_LANGUAGE_STANDARD = gnu99;
				GCC_NO_COMMON_BLOCKS = YES;
				GCC_WARN_64_TO_32_BIT_CONVERSION = YES;
				GCC_WARN_ABOUT_RETURN_TYPE = YES_ERROR;
				GCC_WARN_UNDECLARED_SELECTOR = YES;
				GCC_WARN_UNINITIALIZED_AUTOS = YES_AGGRESSIVE;
				GCC_WARN_UNUSED_FUNCTION = YES;
				GCC_WARN_UNUSED_VARIABLE = YES;
				IPHONEOS_DEPLOYMENT_TARGET = 10.2;
				MTL_ENABLE_DEBUG_INFO = NO;
				SDKROOT = iphoneos;
				SWIFT_OPTIMIZATION_LEVEL = "-Owholemodule";
				TARGETED_DEVICE_FAMILY = "1,2";
				VALIDATE_PRODUCT = YES;
			};
			name = Release;
		};
		B5C7518E1E5BB96C0036FD51 /* Debug */ = {
			isa = XCBuildConfiguration;
			buildSettings = {
				ASSETCATALOG_COMPILER_APPICON_NAME = AppIcon;
				INFOPLIST_FILE = "Sound Board/Info.plist";
				LD_RUNPATH_SEARCH_PATHS = "$(inherited) @executable_path/Frameworks";
				PRODUCT_BUNDLE_IDENTIFIER = "com.Angel.Sound-Board";
				PRODUCT_NAME = "$(TARGET_NAME)";
				SWIFT_VERSION = 3.0;
			};
			name = Debug;
		};
		B5C7518F1E5BB96C0036FD51 /* Release */ = {
			isa = XCBuildConfiguration;
			buildSettings = {
				ASSETCATALOG_COMPILER_APPICON_NAME = AppIcon;
				INFOPLIST_FILE = "Sound Board/Info.plist";
				LD_RUNPATH_SEARCH_PATHS = "$(inherited) @executable_path/Frameworks";
				PRODUCT_BUNDLE_IDENTIFIER = "com.Angel.Sound-Board";
				PRODUCT_NAME = "$(TARGET_NAME)";
				SWIFT_VERSION = 3.0;
			};
			name = Release;
		};
/* End XCBuildConfiguration section */

/* Begin XCConfigurationList section */
		B5C751731E5BB96C0036FD51 /* Build configuration list for PBXProject "Sound Board" */ = {
			isa = XCConfigurationList;
			buildConfigurations = (
				B5C7518B1E5BB96C0036FD51 /* Debug */,
				B5C7518C1E5BB96C0036FD51 /* Release */,
			);
			defaultConfigurationIsVisible = 0;
			defaultConfigurationName = Release;
		};
		B5C7518D1E5BB96C0036FD51 /* Build configuration list for PBXNativeTarget "Sound Board" */ = {
			isa = XCConfigurationList;
			buildConfigurations = (
				B5C7518E1E5BB96C0036FD51 /* Debug */,
				B5C7518F1E5BB96C0036FD51 /* Release */,
			);
			defaultConfigurationIsVisible = 0;
		};
/* End XCConfigurationList section */

/* Begin XCVersionGroup section */
		B5C751821E5BB96C0036FD51 /* Sound_Board.xcdatamodeld */ = {
			isa = XCVersionGroup;
			children = (
				B5C751831E5BB96C0036FD51 /* Sound_Board.xcdatamodel */,
			);
			currentVersion = B5C751831E5BB96C0036FD51 /* Sound_Board.xcdatamodel */;
			path = Sound_Board.xcdatamodeld;
			sourceTree = "<group>";
			versionGroupType = wrapper.xcdatamodel;
		};
/* End XCVersionGroup section */
	};
	rootObject = B5C751701E5BB96C0036FD51 /* Project object */;
}
